
Microsoft Visual Studio Solution File, Format Version 12.00
# Visual Studio Version 17
VisualStudioVersion = 17.11.35208.52
MinimumVisualStudioVersion = 10.0.40219.1
Project("{FAE04EC0-301F-11D3-BF4B-00C04F79EFBC}") = "AB03_02", "AB03_02\AB03_02.csproj", "{6A59FF18-D02B-48C8-B9FA-AD8DFF015A89}"
EndProject
Global
	GlobalSection(SolutionConfigurationPlatforms) = preSolution
		Debug|Any CPU = Debug|Any CPU
		Release|Any CPU = Release|Any CPU
	EndGlobalSection
	GlobalSection(ProjectConfigurationPlatforms) = postSolution
		{6A59FF18-D02B-48C8-B9FA-AD8DFF015A89}.Debug|Any CPU.ActiveCfg = Debug|Any CPU
		{6A59FF18-D02B-48C8-B9FA-AD8DFF015A89}.Debug|Any CPU.Build.0 = Debug|Any CPU
		{6A59FF18-D02B-48C8-B9FA-AD8DFF015A89}.Release|Any CPU.ActiveCfg = Release|Any CPU
		{6A59FF18-D02B-48C8-B9FA-AD8DFF015A89}.Release|Any CPU.Build.0 = Release|Any CPU
	EndGlobalSection
	GlobalSection(SolutionProperties) = preSolution
		HideSolutionNode = FALSE
	EndGlobalSection
	GlobalSection(ExtensibilityGlobals) = postSolution
		SolutionGuid = {1D270879-8A1E-4BF0-BA0C-CE6300B0ECBB}
	EndGlobalSection
EndGlobal
