
Microsoft Visual Studio Solution File, Format Version 12.00
# Visual Studio Version 17
VisualStudioVersion = 17.11.35208.52
MinimumVisualStudioVersion = 10.0.40219.1
Project("{FAE04EC0-301F-11D3-BF4B-00C04F79EFBC}") = "WpfApp1", "WpfApp1\WpfApp1.csproj", "{7EB8A32B-F56B-42DB-B51F-52855200244D}"
EndProject
Global
	GlobalSection(SolutionConfigurationPlatforms) = preSolution
		Debug|Any CPU = Debug|Any CPU
		Release|Any CPU = Release|Any CPU
	EndGlobalSection
	GlobalSection(ProjectConfigurationPlatforms) = postSolution
		{7EB8A32B-F56B-42DB-B51F-52855200244D}.Debug|Any CPU.ActiveCfg = Debug|Any CPU
		{7EB8A32B-F56B-42DB-B51F-52855200244D}.Debug|Any CPU.Build.0 = Debug|Any CPU
		{7EB8A32B-F56B-42DB-B51F-52855200244D}.Release|Any CPU.ActiveCfg = Release|Any CPU
		{7EB8A32B-F56B-42DB-B51F-52855200244D}.Release|Any CPU.Build.0 = Release|Any CPU
	EndGlobalSection
	GlobalSection(SolutionProperties) = preSolution
		HideSolutionNode = FALSE
	EndGlobalSection
	GlobalSection(ExtensibilityGlobals) = postSolution
		SolutionGuid = {53D2DBF3-DA86-4E86-BD21-17AD75AD29B1}
	EndGlobalSection
EndGlobal
